// !$*UTF8*$!
{
	archiveVersion = 1;
	classes = {
	};
	objectVersion = 56;
	objects = {

/* Begin PBXBuildFile section */
		F60B56C62CD62DFC00EBFFFC /* HomePresenter.swift in Sources */ = {isa = PBXBuildFile; fileRef = F60B56C52CD62DFC00EBFFFC /* HomePresenter.swift */; };
		F60B56C92CD62E8D00EBFFFC /* Injection.swift in Sources */ = {isa = PBXBuildFile; fileRef = F60B56C82CD62E8D00EBFFFC /* Injection.swift */; };
		F60B56CC2CD630F600EBFFFC /* Alamofire in Frameworks */ = {isa = PBXBuildFile; productRef = F60B56CB2CD630F600EBFFFC /* Alamofire */; };
		F60B56CF2CD6315D00EBFFFC /* RealmSwift in Frameworks */ = {isa = PBXBuildFile; productRef = F60B56CE2CD6315D00EBFFFC /* RealmSwift */; };
		F60B56D22CD6319C00EBFFFC /* CachedAsyncImage in Frameworks */ = {isa = PBXBuildFile; productRef = F60B56D12CD6319C00EBFFFC /* CachedAsyncImage */; };
		F60B56D42CD631D500EBFFFC /* GameRepository.swift in Sources */ = {isa = PBXBuildFile; fileRef = F60B56D32CD631D500EBFFFC /* GameRepository.swift */; };
		F60B56D92CD6335200EBFFFC /* GameModel.swift in Sources */ = {isa = PBXBuildFile; fileRef = F60B56D82CD6335200EBFFFC /* GameModel.swift */; };
		F60B56DB2CD6348C00EBFFFC /* LocaleDataSource.swift in Sources */ = {isa = PBXBuildFile; fileRef = F60B56DA2CD6348C00EBFFFC /* LocaleDataSource.swift */; };
		F60B56DF2CD6367F00EBFFFC /* CustomeError+Ext.swift in Sources */ = {isa = PBXBuildFile; fileRef = F60B56DE2CD6367F00EBFFFC /* CustomeError+Ext.swift */; };
		F60B56E12CD63C6300EBFFFC /* GameEntity.swift in Sources */ = {isa = PBXBuildFile; fileRef = F60B56E02CD63C6300EBFFFC /* GameEntity.swift */; };
		F60B56E32CD63FB300EBFFFC /* HomeRouter.swift in Sources */ = {isa = PBXBuildFile; fileRef = F60B56E22CD63FB300EBFFFC /* HomeRouter.swift */; };
		F60B56E92CD6405E00EBFFFC /* DetailPresenter.swift in Sources */ = {isa = PBXBuildFile; fileRef = F60B56E82CD6405E00EBFFFC /* DetailPresenter.swift */; };
		F60B56EB2CD6407F00EBFFFC /* DetailView.swift in Sources */ = {isa = PBXBuildFile; fileRef = F60B56EA2CD6407F00EBFFFC /* DetailView.swift */; };
		F60B56ED2CD6408D00EBFFFC /* HomeView.swift in Sources */ = {isa = PBXBuildFile; fileRef = F60B56EC2CD6408D00EBFFFC /* HomeView.swift */; };
		F60B56F02CD640CF00EBFFFC /* HomeInteractor.swift in Sources */ = {isa = PBXBuildFile; fileRef = F60B56EF2CD640CF00EBFFFC /* HomeInteractor.swift */; };
		F60B56F22CD6419700EBFFFC /* RemoteDataSource.swift in Sources */ = {isa = PBXBuildFile; fileRef = F60B56F12CD6419700EBFFFC /* RemoteDataSource.swift */; };
		F60B56F42CD641F200EBFFFC /* GamesResponse.swift in Sources */ = {isa = PBXBuildFile; fileRef = F60B56F32CD641F200EBFFFC /* GamesResponse.swift */; };
		F60B56FB2CD65F8900EBFFFC /* APICall.swift in Sources */ = {isa = PBXBuildFile; fileRef = F60B56FA2CD65F8900EBFFFC /* APICall.swift */; };
		F60B56FE2CD661FE00EBFFFC /* GameMapper.swift in Sources */ = {isa = PBXBuildFile; fileRef = F60B56FD2CD661FE00EBFFFC /* GameMapper.swift */; };
		F60B57002CD6675700EBFFFC /* DetailInteractor.swift in Sources */ = {isa = PBXBuildFile; fileRef = F60B56FF2CD6675700EBFFFC /* DetailInteractor.swift */; };
		F60B57052CD6F64500EBFFFC /* CustomEmptyView.swift in Sources */ = {isa = PBXBuildFile; fileRef = F60B57042CD6F64500EBFFFC /* CustomEmptyView.swift */; };
		F60B57072CD6F6FD00EBFFFC /* GameRow.swift in Sources */ = {isa = PBXBuildFile; fileRef = F60B57062CD6F6FD00EBFFFC /* GameRow.swift */; };
		F60B57092CD730D200EBFFFC /* GameDetailModel.swift in Sources */ = {isa = PBXBuildFile; fileRef = F60B57082CD730D200EBFFFC /* GameDetailModel.swift */; };
		F60B570C2CD731D500EBFFFC /* GameDetailEntity.swift in Sources */ = {isa = PBXBuildFile; fileRef = F60B570B2CD731D500EBFFFC /* GameDetailEntity.swift */; };
		F60B570F2CD7346C00EBFFFC /* GameDetailResponse.swift in Sources */ = {isa = PBXBuildFile; fileRef = F60B570E2CD7346C00EBFFFC /* GameDetailResponse.swift */; };
		F60B57132CD7353B00EBFFFC /* GameDetailMapper.swift in Sources */ = {isa = PBXBuildFile; fileRef = F60B57122CD7353B00EBFFFC /* GameDetailMapper.swift */; };
		F65BDEB628EA5EB000839DBC /* Tag.swift in Sources */ = {isa = PBXBuildFile; fileRef = F65BDEB528EA5EB000839DBC /* Tag.swift */; };
		F67821142CD797190068ADCA /* ScreenshotResponse.swift in Sources */ = {isa = PBXBuildFile; fileRef = F67821132CD797190068ADCA /* ScreenshotResponse.swift */; };
		F67821162CD797580068ADCA /* ScreenshotModel.swift in Sources */ = {isa = PBXBuildFile; fileRef = F67821152CD797580068ADCA /* ScreenshotModel.swift */; };
		F67821182CD797880068ADCA /* ScreenshotEntity.swift in Sources */ = {isa = PBXBuildFile; fileRef = F67821172CD797880068ADCA /* ScreenshotEntity.swift */; };
		F678211A2CD79E870068ADCA /* ScreenshotMapper.swift in Sources */ = {isa = PBXBuildFile; fileRef = F67821192CD79E870068ADCA /* ScreenshotMapper.swift */; };
		F67821222CD7A5F30068ADCA /* FavoritePresenter.swift in Sources */ = {isa = PBXBuildFile; fileRef = F67821212CD7A5F30068ADCA /* FavoritePresenter.swift */; };
		F67821242CD7A6350068ADCA /* FavoriteRouter.swift in Sources */ = {isa = PBXBuildFile; fileRef = F67821232CD7A6350068ADCA /* FavoriteRouter.swift */; };
		F67821262CD7A69E0068ADCA /* FavoriteView.swift in Sources */ = {isa = PBXBuildFile; fileRef = F67821252CD7A69E0068ADCA /* FavoriteView.swift */; };
		F67821282CD7A73D0068ADCA /* FavoriteInteractor.swift in Sources */ = {isa = PBXBuildFile; fileRef = F67821272CD7A73D0068ADCA /* FavoriteInteractor.swift */; };
		F678212F2CD7B6050068ADCA /* ProfileView.swift in Sources */ = {isa = PBXBuildFile; fileRef = F678212E2CD7B6050068ADCA /* ProfileView.swift */; };
		F67821352CD852740068ADCA /* SearchPresenter.swift in Sources */ = {isa = PBXBuildFile; fileRef = F67821342CD852730068ADCA /* SearchPresenter.swift */; };
		F67821372CD852A20068ADCA /* SearchRouter.swift in Sources */ = {isa = PBXBuildFile; fileRef = F67821362CD852A20068ADCA /* SearchRouter.swift */; };
		F67821392CD8530D0068ADCA /* SearchView.swift in Sources */ = {isa = PBXBuildFile; fileRef = F67821382CD8530D0068ADCA /* SearchView.swift */; };
		F678213B2CD853B90068ADCA /* SearchUseCase.swift in Sources */ = {isa = PBXBuildFile; fileRef = F678213A2CD853B90068ADCA /* SearchUseCase.swift */; };
		F67821452CD8D63B0068ADCA /* PaginationState.swift in Sources */ = {isa = PBXBuildFile; fileRef = F67821442CD8D63B0068ADCA /* PaginationState.swift */; };
		F69BCE9128E511100078D3CA /* Rating.swift in Sources */ = {isa = PBXBuildFile; fileRef = F69BCE9028E511100078D3CA /* Rating.swift */; };
		F69BCE9828E52B400078D3CA /* Poppins-SemiBoldItalic.ttf in Resources */ = {isa = PBXBuildFile; fileRef = F69BCE9728E52B400078D3CA /* Poppins-SemiBoldItalic.ttf */; };
		F6A4661228F3B96900533C02 /* Launch Screen.storyboard in Resources */ = {isa = PBXBuildFile; fileRef = F6A4661128F3B96900533C02 /* Launch Screen.storyboard */; };
		F6A52BE528E3D7AE0057CF23 /* Poppins-Medium.ttf in Resources */ = {isa = PBXBuildFile; fileRef = F6A52BE128E3D7AE0057CF23 /* Poppins-Medium.ttf */; };
		F6A52BE628E3D7AE0057CF23 /* Poppins-Bold.ttf in Resources */ = {isa = PBXBuildFile; fileRef = F6A52BE228E3D7AE0057CF23 /* Poppins-Bold.ttf */; };
		F6A52BE728E3D7AE0057CF23 /* Poppins-Regular.ttf in Resources */ = {isa = PBXBuildFile; fileRef = F6A52BE328E3D7AE0057CF23 /* Poppins-Regular.ttf */; };
		F6A52BE828E3D7AE0057CF23 /* Poppins-SemiBold.ttf in Resources */ = {isa = PBXBuildFile; fileRef = F6A52BE428E3D7AE0057CF23 /* Poppins-SemiBold.ttf */; };
		F6ADFE0429176E9600787C35 /* ProfileEditView.swift in Sources */ = {isa = PBXBuildFile; fileRef = F6ADFE0329176E9600787C35 /* ProfileEditView.swift */; };
		F6AF052D28D95E9900EA148E /* CustomFont+Ext.swift in Sources */ = {isa = PBXBuildFile; fileRef = F6AF052C28D95E9900EA148E /* CustomFont+Ext.swift */; };
		F6BF05F628EA8DA1007F34EA /* InformationDescription.swift in Sources */ = {isa = PBXBuildFile; fileRef = F6BF05F528EA8DA1007F34EA /* InformationDescription.swift */; };
		F6BF05FF28ECFA11007F34EA /* PlatformIcons.swift in Sources */ = {isa = PBXBuildFile; fileRef = F6BF05FE28ECFA11007F34EA /* PlatformIcons.swift */; };
		F6D008B828E18602002CF8DC /* Color+Ext.swift in Sources */ = {isa = PBXBuildFile; fileRef = F6D008B728E18602002CF8DC /* Color+Ext.swift */; };
		F6D8A35A28D7410300AA2919 /* RawrApp.swift in Sources */ = {isa = PBXBuildFile; fileRef = F6D8A35928D7410300AA2919 /* RawrApp.swift */; };
		F6D8A35C28D7410300AA2919 /* ContentView.swift in Sources */ = {isa = PBXBuildFile; fileRef = F6D8A35B28D7410300AA2919 /* ContentView.swift */; };
		F6D8A35E28D7410400AA2919 /* Assets.xcassets in Resources */ = {isa = PBXBuildFile; fileRef = F6D8A35D28D7410400AA2919 /* Assets.xcassets */; };
		F6D8A36128D7410400AA2919 /* Preview Assets.xcassets in Resources */ = {isa = PBXBuildFile; fileRef = F6D8A36028D7410400AA2919 /* Preview Assets.xcassets */; };
		F6E312C72CB3738B0099A896 /* ParallaxHeader.swift in Sources */ = {isa = PBXBuildFile; fileRef = F6E312C62CB3738B0099A896 /* ParallaxHeader.swift */; };
		F6FDD32029147AA8004EE9CE /* UserModel.swift in Sources */ = {isa = PBXBuildFile; fileRef = F6FDD31F29147AA8004EE9CE /* UserModel.swift */; };
/* End PBXBuildFile section */

/* Begin PBXFileReference section */
		F60B56C52CD62DFC00EBFFFC /* HomePresenter.swift */ = {isa = PBXFileReference; lastKnownFileType = sourcecode.swift; path = HomePresenter.swift; sourceTree = "<group>"; };
		F60B56C82CD62E8D00EBFFFC /* Injection.swift */ = {isa = PBXFileReference; lastKnownFileType = sourcecode.swift; path = Injection.swift; sourceTree = "<group>"; };
		F60B56D32CD631D500EBFFFC /* GameRepository.swift */ = {isa = PBXFileReference; lastKnownFileType = sourcecode.swift; path = GameRepository.swift; sourceTree = "<group>"; };
		F60B56D82CD6335200EBFFFC /* GameModel.swift */ = {isa = PBXFileReference; lastKnownFileType = sourcecode.swift; path = GameModel.swift; sourceTree = "<group>"; };
		F60B56DA2CD6348C00EBFFFC /* LocaleDataSource.swift */ = {isa = PBXFileReference; lastKnownFileType = sourcecode.swift; path = LocaleDataSource.swift; sourceTree = "<group>"; };
		F60B56DE2CD6367F00EBFFFC /* CustomeError+Ext.swift */ = {isa = PBXFileReference; lastKnownFileType = sourcecode.swift; path = "CustomeError+Ext.swift"; sourceTree = "<group>"; };
		F60B56E02CD63C6300EBFFFC /* GameEntity.swift */ = {isa = PBXFileReference; lastKnownFileType = sourcecode.swift; path = GameEntity.swift; sourceTree = "<group>"; };
		F60B56E22CD63FB300EBFFFC /* HomeRouter.swift */ = {isa = PBXFileReference; lastKnownFileType = sourcecode.swift; path = HomeRouter.swift; sourceTree = "<group>"; };
		F60B56E82CD6405E00EBFFFC /* DetailPresenter.swift */ = {isa = PBXFileReference; lastKnownFileType = sourcecode.swift; path = DetailPresenter.swift; sourceTree = "<group>"; };
		F60B56EA2CD6407F00EBFFFC /* DetailView.swift */ = {isa = PBXFileReference; lastKnownFileType = sourcecode.swift; path = DetailView.swift; sourceTree = "<group>"; };
		F60B56EC2CD6408D00EBFFFC /* HomeView.swift */ = {isa = PBXFileReference; lastKnownFileType = sourcecode.swift; path = HomeView.swift; sourceTree = "<group>"; };
		F60B56EF2CD640CF00EBFFFC /* HomeInteractor.swift */ = {isa = PBXFileReference; lastKnownFileType = sourcecode.swift; path = HomeInteractor.swift; sourceTree = "<group>"; };
		F60B56F12CD6419700EBFFFC /* RemoteDataSource.swift */ = {isa = PBXFileReference; lastKnownFileType = sourcecode.swift; path = RemoteDataSource.swift; sourceTree = "<group>"; };
		F60B56F32CD641F200EBFFFC /* GamesResponse.swift */ = {isa = PBXFileReference; lastKnownFileType = sourcecode.swift; path = GamesResponse.swift; sourceTree = "<group>"; };
		F60B56FA2CD65F8900EBFFFC /* APICall.swift */ = {isa = PBXFileReference; lastKnownFileType = sourcecode.swift; path = APICall.swift; sourceTree = "<group>"; };
		F60B56FD2CD661FE00EBFFFC /* GameMapper.swift */ = {isa = PBXFileReference; lastKnownFileType = sourcecode.swift; path = GameMapper.swift; sourceTree = "<group>"; };
		F60B56FF2CD6675700EBFFFC /* DetailInteractor.swift */ = {isa = PBXFileReference; lastKnownFileType = sourcecode.swift; path = DetailInteractor.swift; sourceTree = "<group>"; };
		F60B57042CD6F64500EBFFFC /* CustomEmptyView.swift */ = {isa = PBXFileReference; lastKnownFileType = sourcecode.swift; path = CustomEmptyView.swift; sourceTree = "<group>"; };
		F60B57062CD6F6FD00EBFFFC /* GameRow.swift */ = {isa = PBXFileReference; lastKnownFileType = sourcecode.swift; path = GameRow.swift; sourceTree = "<group>"; };
		F60B57082CD730D200EBFFFC /* GameDetailModel.swift */ = {isa = PBXFileReference; lastKnownFileType = sourcecode.swift; path = GameDetailModel.swift; sourceTree = "<group>"; };
		F60B570B2CD731D500EBFFFC /* GameDetailEntity.swift */ = {isa = PBXFileReference; lastKnownFileType = sourcecode.swift; path = GameDetailEntity.swift; sourceTree = "<group>"; };
		F60B570E2CD7346C00EBFFFC /* GameDetailResponse.swift */ = {isa = PBXFileReference; lastKnownFileType = sourcecode.swift; path = GameDetailResponse.swift; sourceTree = "<group>"; };
		F60B57122CD7353B00EBFFFC /* GameDetailMapper.swift */ = {isa = PBXFileReference; lastKnownFileType = sourcecode.swift; path = GameDetailMapper.swift; sourceTree = "<group>"; };
		F65BDEB528EA5EB000839DBC /* Tag.swift */ = {isa = PBXFileReference; lastKnownFileType = sourcecode.swift; path = Tag.swift; sourceTree = "<group>"; };
		F67821132CD797190068ADCA /* ScreenshotResponse.swift */ = {isa = PBXFileReference; lastKnownFileType = sourcecode.swift; path = ScreenshotResponse.swift; sourceTree = "<group>"; };
		F67821152CD797580068ADCA /* ScreenshotModel.swift */ = {isa = PBXFileReference; lastKnownFileType = sourcecode.swift; path = ScreenshotModel.swift; sourceTree = "<group>"; };
		F67821172CD797880068ADCA /* ScreenshotEntity.swift */ = {isa = PBXFileReference; lastKnownFileType = sourcecode.swift; path = ScreenshotEntity.swift; sourceTree = "<group>"; };
		F67821192CD79E870068ADCA /* ScreenshotMapper.swift */ = {isa = PBXFileReference; lastKnownFileType = sourcecode.swift; path = ScreenshotMapper.swift; sourceTree = "<group>"; };
		F67821212CD7A5F30068ADCA /* FavoritePresenter.swift */ = {isa = PBXFileReference; lastKnownFileType = sourcecode.swift; path = FavoritePresenter.swift; sourceTree = "<group>"; };
		F67821232CD7A6350068ADCA /* FavoriteRouter.swift */ = {isa = PBXFileReference; lastKnownFileType = sourcecode.swift; path = FavoriteRouter.swift; sourceTree = "<group>"; };
		F67821252CD7A69E0068ADCA /* FavoriteView.swift */ = {isa = PBXFileReference; lastKnownFileType = sourcecode.swift; path = FavoriteView.swift; sourceTree = "<group>"; };
		F67821272CD7A73D0068ADCA /* FavoriteInteractor.swift */ = {isa = PBXFileReference; lastKnownFileType = sourcecode.swift; path = FavoriteInteractor.swift; sourceTree = "<group>"; };
		F678212E2CD7B6050068ADCA /* ProfileView.swift */ = {isa = PBXFileReference; lastKnownFileType = sourcecode.swift; path = ProfileView.swift; sourceTree = "<group>"; };
		F67821342CD852730068ADCA /* SearchPresenter.swift */ = {isa = PBXFileReference; lastKnownFileType = sourcecode.swift; path = SearchPresenter.swift; sourceTree = "<group>"; };
		F67821362CD852A20068ADCA /* SearchRouter.swift */ = {isa = PBXFileReference; lastKnownFileType = sourcecode.swift; path = SearchRouter.swift; sourceTree = "<group>"; };
		F67821382CD8530D0068ADCA /* SearchView.swift */ = {isa = PBXFileReference; lastKnownFileType = sourcecode.swift; path = SearchView.swift; sourceTree = "<group>"; };
		F678213A2CD853B90068ADCA /* SearchUseCase.swift */ = {isa = PBXFileReference; lastKnownFileType = sourcecode.swift; path = SearchUseCase.swift; sourceTree = "<group>"; };
		F67821442CD8D63B0068ADCA /* PaginationState.swift */ = {isa = PBXFileReference; lastKnownFileType = sourcecode.swift; path = PaginationState.swift; sourceTree = "<group>"; };
		F69BCE9028E511100078D3CA /* Rating.swift */ = {isa = PBXFileReference; lastKnownFileType = sourcecode.swift; path = Rating.swift; sourceTree = "<group>"; };
		F69BCE9728E52B400078D3CA /* Poppins-SemiBoldItalic.ttf */ = {isa = PBXFileReference; lastKnownFileType = file; path = "Poppins-SemiBoldItalic.ttf"; sourceTree = "<group>"; };
		F6A4661028F2D45100533C02 /* Info.plist */ = {isa = PBXFileReference; lastKnownFileType = text.plist.xml; path = Info.plist; sourceTree = "<group>"; };
		F6A4661128F3B96900533C02 /* Launch Screen.storyboard */ = {isa = PBXFileReference; lastKnownFileType = file.storyboard; path = "Launch Screen.storyboard"; sourceTree = "<group>"; };
		F6A52BE128E3D7AE0057CF23 /* Poppins-Medium.ttf */ = {isa = PBXFileReference; lastKnownFileType = file; path = "Poppins-Medium.ttf"; sourceTree = "<group>"; };
		F6A52BE228E3D7AE0057CF23 /* Poppins-Bold.ttf */ = {isa = PBXFileReference; lastKnownFileType = file; path = "Poppins-Bold.ttf"; sourceTree = "<group>"; };
		F6A52BE328E3D7AE0057CF23 /* Poppins-Regular.ttf */ = {isa = PBXFileReference; lastKnownFileType = file; path = "Poppins-Regular.ttf"; sourceTree = "<group>"; };
		F6A52BE428E3D7AE0057CF23 /* Poppins-SemiBold.ttf */ = {isa = PBXFileReference; lastKnownFileType = file; path = "Poppins-SemiBold.ttf"; sourceTree = "<group>"; };
		F6ADFE0329176E9600787C35 /* ProfileEditView.swift */ = {isa = PBXFileReference; lastKnownFileType = sourcecode.swift; path = ProfileEditView.swift; sourceTree = "<group>"; };
		F6AF052C28D95E9900EA148E /* CustomFont+Ext.swift */ = {isa = PBXFileReference; lastKnownFileType = sourcecode.swift; path = "CustomFont+Ext.swift"; sourceTree = "<group>"; };
		F6BF05F528EA8DA1007F34EA /* InformationDescription.swift */ = {isa = PBXFileReference; lastKnownFileType = sourcecode.swift; path = InformationDescription.swift; sourceTree = "<group>"; };
		F6BF05FE28ECFA11007F34EA /* PlatformIcons.swift */ = {isa = PBXFileReference; lastKnownFileType = sourcecode.swift; path = PlatformIcons.swift; sourceTree = "<group>"; };
		F6D008B728E18602002CF8DC /* Color+Ext.swift */ = {isa = PBXFileReference; lastKnownFileType = sourcecode.swift; path = "Color+Ext.swift"; sourceTree = "<group>"; };
		F6D8A35628D7410300AA2919 /* Rawr.app */ = {isa = PBXFileReference; explicitFileType = wrapper.application; includeInIndex = 0; path = Rawr.app; sourceTree = BUILT_PRODUCTS_DIR; };
		F6D8A35928D7410300AA2919 /* RawrApp.swift */ = {isa = PBXFileReference; lastKnownFileType = sourcecode.swift; path = RawrApp.swift; sourceTree = "<group>"; };
		F6D8A35B28D7410300AA2919 /* ContentView.swift */ = {isa = PBXFileReference; lastKnownFileType = sourcecode.swift; path = ContentView.swift; sourceTree = "<group>"; };
		F6D8A35D28D7410400AA2919 /* Assets.xcassets */ = {isa = PBXFileReference; lastKnownFileType = folder.assetcatalog; path = Assets.xcassets; sourceTree = "<group>"; };
		F6D8A36028D7410400AA2919 /* Preview Assets.xcassets */ = {isa = PBXFileReference; lastKnownFileType = folder.assetcatalog; path = "Preview Assets.xcassets"; sourceTree = "<group>"; };
		F6E312C62CB3738B0099A896 /* ParallaxHeader.swift */ = {isa = PBXFileReference; lastKnownFileType = sourcecode.swift; path = ParallaxHeader.swift; sourceTree = "<group>"; };
		F6FDD31F29147AA8004EE9CE /* UserModel.swift */ = {isa = PBXFileReference; lastKnownFileType = sourcecode.swift; path = UserModel.swift; sourceTree = "<group>"; };
/* End PBXFileReference section */

/* Begin PBXFrameworksBuildPhase section */
		F6D8A35328D7410300AA2919 /* Frameworks */ = {
			isa = PBXFrameworksBuildPhase;
			buildActionMask = 2147483647;
			files = (
				F60B56D22CD6319C00EBFFFC /* CachedAsyncImage in Frameworks */,
				F60B56CF2CD6315D00EBFFFC /* RealmSwift in Frameworks */,
				F60B56CC2CD630F600EBFFFC /* Alamofire in Frameworks */,
			);
			runOnlyForDeploymentPostprocessing = 0;
		};
/* End PBXFrameworksBuildPhase section */

/* Begin PBXGroup section */
		F60B56B82CD6230E00EBFFFC /* App */ = {
			isa = PBXGroup;
			children = (
				F6D8A35928D7410300AA2919 /* RawrApp.swift */,
				F6D8A35B28D7410300AA2919 /* ContentView.swift */,
				F6A4661128F3B96900533C02 /* Launch Screen.storyboard */,
			);
			path = App;
			sourceTree = "<group>";
		};
		F60B56BA2CD623EF00EBFFFC /* Core */ = {
			isa = PBXGroup;
			children = (
				F60B56BB2CD623FC00EBFFFC /* Data */,
				F60B56C72CD62E7100EBFFFC /* DI */,
				F60B56D52CD6325300EBFFFC /* Domain */,
				F60B56DC2CD6351D00EBFFFC /* Utils */,
			);
			path = Core;
			sourceTree = "<group>";
		};
		F60B56BB2CD623FC00EBFFFC /* Data */ = {
			isa = PBXGroup;
			children = (
				F60B56BC2CD6240500EBFFFC /* Locale */,
				F60B56BE2CD6242B00EBFFFC /* Remote */,
				F60B56D32CD631D500EBFFFC /* GameRepository.swift */,
			);
			path = Data;
			sourceTree = "<group>";
		};
		F60B56BC2CD6240500EBFFFC /* Locale */ = {
			isa = PBXGroup;
			children = (
				F60B56BD2CD6240D00EBFFFC /* Entity */,
				F60B56DA2CD6348C00EBFFFC /* LocaleDataSource.swift */,
			);
			path = Locale;
			sourceTree = "<group>";
		};
		F60B56BD2CD6240D00EBFFFC /* Entity */ = {
			isa = PBXGroup;
			children = (
				F67821442CD8D63B0068ADCA /* PaginationState.swift */,
				F67821172CD797880068ADCA /* ScreenshotEntity.swift */,
				F60B56E02CD63C6300EBFFFC /* GameEntity.swift */,
				F60B570B2CD731D500EBFFFC /* GameDetailEntity.swift */,
			);
			path = Entity;
			sourceTree = "<group>";
		};
		F60B56BE2CD6242B00EBFFFC /* Remote */ = {
			isa = PBXGroup;
			children = (
				F60B56BF2CD6243C00EBFFFC /* Response */,
				F60B56F12CD6419700EBFFFC /* RemoteDataSource.swift */,
			);
			path = Remote;
			sourceTree = "<group>";
		};
		F60B56BF2CD6243C00EBFFFC /* Response */ = {
			isa = PBXGroup;
			children = (
				F67821132CD797190068ADCA /* ScreenshotResponse.swift */,
				F60B56F32CD641F200EBFFFC /* GamesResponse.swift */,
				F60B570E2CD7346C00EBFFFC /* GameDetailResponse.swift */,
			);
			path = Response;
			sourceTree = "<group>";
		};
		F60B56C02CD62CEF00EBFFFC /* Module */ = {
			isa = PBXGroup;
			children = (
				F67821302CD852300068ADCA /* Search */,
				F678212B2CD7B5A20068ADCA /* Profile */,
				F60B56C12CD62CFF00EBFFFC /* Home */,
				F60B56E42CD6400B00EBFFFC /* Detail */,
				F678211B2CD7A5800068ADCA /* Favorite */,
			);
			path = Module;
			sourceTree = "<group>";
		};
		F60B56C12CD62CFF00EBFFFC /* Home */ = {
			isa = PBXGroup;
			children = (
				F60B56C22CD62D2300EBFFFC /* Presenter */,
				F60B56C32CD62D3000EBFFFC /* Router */,
				F60B56C42CD62D4200EBFFFC /* View */,
			);
			path = Home;
			sourceTree = "<group>";
		};
		F60B56C22CD62D2300EBFFFC /* Presenter */ = {
			isa = PBXGroup;
			children = (
				F60B56C52CD62DFC00EBFFFC /* HomePresenter.swift */,
			);
			path = Presenter;
			sourceTree = "<group>";
		};
		F60B56C32CD62D3000EBFFFC /* Router */ = {
			isa = PBXGroup;
			children = (
				F60B56E22CD63FB300EBFFFC /* HomeRouter.swift */,
			);
			path = Router;
			sourceTree = "<group>";
		};
		F60B56C42CD62D4200EBFFFC /* View */ = {
			isa = PBXGroup;
			children = (
				F60B56EC2CD6408D00EBFFFC /* HomeView.swift */,
				F60B57062CD6F6FD00EBFFFC /* GameRow.swift */,
			);
			path = View;
			sourceTree = "<group>";
		};
		F60B56C72CD62E7100EBFFFC /* DI */ = {
			isa = PBXGroup;
			children = (
				F60B56C82CD62E8D00EBFFFC /* Injection.swift */,
			);
			path = DI;
			sourceTree = "<group>";
		};
		F60B56D52CD6325300EBFFFC /* Domain */ = {
			isa = PBXGroup;
			children = (
				F60B56D62CD6326A00EBFFFC /* Model */,
				F60B56EE2CD640B400EBFFFC /* UseCase */,
			);
			path = Domain;
			sourceTree = "<group>";
		};
		F60B56D62CD6326A00EBFFFC /* Model */ = {
			isa = PBXGroup;
			children = (
				F6FDD31F29147AA8004EE9CE /* UserModel.swift */,
				F67821152CD797580068ADCA /* ScreenshotModel.swift */,
				F60B56D82CD6335200EBFFFC /* GameModel.swift */,
				F60B57082CD730D200EBFFFC /* GameDetailModel.swift */,
			);
			path = Model;
			sourceTree = "<group>";
		};
		F60B56DC2CD6351D00EBFFFC /* Utils */ = {
			isa = PBXGroup;
			children = (
				F60B57032CD6F62F00EBFFFC /* View */,
				F60B56FC2CD661F200EBFFFC /* Mapper */,
				F60B56F72CD65F4200EBFFFC /* Network */,
				F60B56DD2CD6352600EBFFFC /* Extensions */,
			);
			path = Utils;
			sourceTree = "<group>";
		};
		F60B56DD2CD6352600EBFFFC /* Extensions */ = {
			isa = PBXGroup;
			children = (
				F6AF052C28D95E9900EA148E /* CustomFont+Ext.swift */,
				F60B56DE2CD6367F00EBFFFC /* CustomeError+Ext.swift */,
				F6D008B728E18602002CF8DC /* Color+Ext.swift */,
			);
			path = Extensions;
			sourceTree = "<group>";
		};
		F60B56E42CD6400B00EBFFFC /* Detail */ = {
			isa = PBXGroup;
			children = (
				F60B56E52CD6401300EBFFFC /* Presenter */,
				F60B56E72CD6402400EBFFFC /* View */,
			);
			path = Detail;
			sourceTree = "<group>";
		};
		F60B56E52CD6401300EBFFFC /* Presenter */ = {
			isa = PBXGroup;
			children = (
				F60B56E82CD6405E00EBFFFC /* DetailPresenter.swift */,
			);
			path = Presenter;
			sourceTree = "<group>";
		};
		F60B56E72CD6402400EBFFFC /* View */ = {
			isa = PBXGroup;
			children = (
				F60B56EA2CD6407F00EBFFFC /* DetailView.swift */,
			);
			path = View;
			sourceTree = "<group>";
		};
		F60B56EE2CD640B400EBFFFC /* UseCase */ = {
			isa = PBXGroup;
			children = (
				F678213A2CD853B90068ADCA /* SearchUseCase.swift */,
				F60B56FF2CD6675700EBFFFC /* DetailInteractor.swift */,
				F60B56EF2CD640CF00EBFFFC /* HomeInteractor.swift */,
				F67821272CD7A73D0068ADCA /* FavoriteInteractor.swift */,
			);
			path = UseCase;
			sourceTree = "<group>";
		};
		F60B56F72CD65F4200EBFFFC /* Network */ = {
			isa = PBXGroup;
			children = (
				F60B56FA2CD65F8900EBFFFC /* APICall.swift */,
			);
			path = Network;
			sourceTree = "<group>";
		};
		F60B56FC2CD661F200EBFFFC /* Mapper */ = {
			isa = PBXGroup;
			children = (
				F60B57122CD7353B00EBFFFC /* GameDetailMapper.swift */,
				F60B56FD2CD661FE00EBFFFC /* GameMapper.swift */,
				F67821192CD79E870068ADCA /* ScreenshotMapper.swift */,
			);
			path = Mapper;
			sourceTree = "<group>";
		};
		F60B57032CD6F62F00EBFFFC /* View */ = {
			isa = PBXGroup;
			children = (
				F60B57042CD6F64500EBFFFC /* CustomEmptyView.swift */,
				F6E312C62CB3738B0099A896 /* ParallaxHeader.swift */,
				F6BF05F528EA8DA1007F34EA /* InformationDescription.swift */,
				F65BDEB528EA5EB000839DBC /* Tag.swift */,
				F69BCE9028E511100078D3CA /* Rating.swift */,
				F6BF05FE28ECFA11007F34EA /* PlatformIcons.swift */,
			);
			path = View;
			sourceTree = "<group>";
		};
		F678211B2CD7A5800068ADCA /* Favorite */ = {
			isa = PBXGroup;
			children = (
				F678211C2CD7A58D0068ADCA /* Presenter */,
				F678211D2CD7A5940068ADCA /* Router */,
				F678211E2CD7A59A0068ADCA /* View */,
			);
			path = Favorite;
			sourceTree = "<group>";
		};
		F678211C2CD7A58D0068ADCA /* Presenter */ = {
			isa = PBXGroup;
			children = (
				F67821212CD7A5F30068ADCA /* FavoritePresenter.swift */,
			);
			path = Presenter;
			sourceTree = "<group>";
		};
		F678211D2CD7A5940068ADCA /* Router */ = {
			isa = PBXGroup;
			children = (
				F67821232CD7A6350068ADCA /* FavoriteRouter.swift */,
			);
			path = Router;
			sourceTree = "<group>";
		};
		F678211E2CD7A59A0068ADCA /* View */ = {
			isa = PBXGroup;
			children = (
				F67821252CD7A69E0068ADCA /* FavoriteView.swift */,
			);
			path = View;
			sourceTree = "<group>";
		};
		F678212B2CD7B5A20068ADCA /* Profile */ = {
			isa = PBXGroup;
			children = (
				F678212D2CD7B5B40068ADCA /* Presenter */,
				F678212C2CD7B5AA0068ADCA /* View */,
			);
			path = Profile;
			sourceTree = "<group>";
		};
		F678212C2CD7B5AA0068ADCA /* View */ = {
			isa = PBXGroup;
			children = (
				F678212E2CD7B6050068ADCA /* ProfileView.swift */,
				F6ADFE0329176E9600787C35 /* ProfileEditView.swift */,
			);
			path = View;
			sourceTree = "<group>";
		};
		F678212D2CD7B5B40068ADCA /* Presenter */ = {
			isa = PBXGroup;
			children = (
			);
			path = Presenter;
			sourceTree = "<group>";
		};
		F67821302CD852300068ADCA /* Search */ = {
			isa = PBXGroup;
			children = (
				F67821312CD852410068ADCA /* Presenter */,
				F67821332CD852680068ADCA /* Router */,
				F67821322CD852620068ADCA /* View */,
			);
			path = Search;
			sourceTree = "<group>";
		};
		F67821312CD852410068ADCA /* Presenter */ = {
			isa = PBXGroup;
			children = (
				F67821342CD852730068ADCA /* SearchPresenter.swift */,
			);
			path = Presenter;
			sourceTree = "<group>";
		};
		F67821322CD852620068ADCA /* View */ = {
			isa = PBXGroup;
			children = (
				F67821382CD8530D0068ADCA /* SearchView.swift */,
			);
			path = View;
			sourceTree = "<group>";
		};
		F67821332CD852680068ADCA /* Router */ = {
			isa = PBXGroup;
			children = (
				F67821362CD852A20068ADCA /* SearchRouter.swift */,
			);
			path = Router;
			sourceTree = "<group>";
		};
		F6A52BE028E3D7670057CF23 /* Fonts */ = {
			isa = PBXGroup;
			children = (
				F6A52BE228E3D7AE0057CF23 /* Poppins-Bold.ttf */,
				F6A52BE128E3D7AE0057CF23 /* Poppins-Medium.ttf */,
				F6A52BE328E3D7AE0057CF23 /* Poppins-Regular.ttf */,
				F6A52BE428E3D7AE0057CF23 /* Poppins-SemiBold.ttf */,
				F69BCE9728E52B400078D3CA /* Poppins-SemiBoldItalic.ttf */,
			);
			path = Fonts;
			sourceTree = "<group>";
		};
		F6D8A34D28D7410200AA2919 = {
			isa = PBXGroup;
			children = (
				F6D8A35828D7410300AA2919 /* Rawr */,
				F6D8A35728D7410300AA2919 /* Products */,
			);
			sourceTree = "<group>";
		};
		F6D8A35728D7410300AA2919 /* Products */ = {
			isa = PBXGroup;
			children = (
				F6D8A35628D7410300AA2919 /* Rawr.app */,
			);
			name = Products;
			sourceTree = "<group>";
		};
		F6D8A35828D7410300AA2919 /* Rawr */ = {
			isa = PBXGroup;
			children = (
				F60B56B82CD6230E00EBFFFC /* App */,
				F60B56BA2CD623EF00EBFFFC /* Core */,
				F60B56C02CD62CEF00EBFFFC /* Module */,
				F6A52BE028E3D7670057CF23 /* Fonts */,
				F6A4661028F2D45100533C02 /* Info.plist */,
				F6D8A35D28D7410400AA2919 /* Assets.xcassets */,
				F6D8A35F28D7410400AA2919 /* Preview Content */,
			);
			path = Rawr;
			sourceTree = "<group>";
		};
		F6D8A35F28D7410400AA2919 /* Preview Content */ = {
			isa = PBXGroup;
			children = (
				F6D8A36028D7410400AA2919 /* Preview Assets.xcassets */,
			);
			path = "Preview Content";
			sourceTree = "<group>";
		};
/* End PBXGroup section */

/* Begin PBXNativeTarget section */
		F6D8A35528D7410300AA2919 /* Rawr */ = {
			isa = PBXNativeTarget;
			buildConfigurationList = F6D8A36428D7410400AA2919 /* Build configuration list for PBXNativeTarget "Rawr" */;
			buildPhases = (
				F6165DD92CB4A7F3009A3C8C /* ShellScript */,
				F6D8A35228D7410300AA2919 /* Sources */,
				F6D8A35328D7410300AA2919 /* Frameworks */,
				F6D8A35428D7410300AA2919 /* Resources */,
			);
			buildRules = (
			);
			dependencies = (
			);
			name = Rawr;
			packageProductDependencies = (
				F60B56CB2CD630F600EBFFFC /* Alamofire */,
				F60B56CE2CD6315D00EBFFFC /* RealmSwift */,
				F60B56D12CD6319C00EBFFFC /* CachedAsyncImage */,
			);
			productName = Rawr;
			productReference = F6D8A35628D7410300AA2919 /* Rawr.app */;
			productType = "com.apple.product-type.application";
		};
/* End PBXNativeTarget section */

/* Begin PBXProject section */
		F6D8A34E28D7410200AA2919 /* Project object */ = {
			isa = PBXProject;
			attributes = {
				BuildIndependentTargetsInParallel = 1;
				LastSwiftUpdateCheck = 1400;
				LastUpgradeCheck = 1610;
				TargetAttributes = {
					F6D8A35528D7410300AA2919 = {
						CreatedOnToolsVersion = 14.0;
					};
				};
			};
			buildConfigurationList = F6D8A35128D7410200AA2919 /* Build configuration list for PBXProject "Rawr" */;
			compatibilityVersion = "Xcode 14.0";
			developmentRegion = en;
			hasScannedForEncodings = 0;
			knownRegions = (
				en,
				Base,
			);
			mainGroup = F6D8A34D28D7410200AA2919;
			packageReferences = (
				F60B56CA2CD630F600EBFFFC /* XCRemoteSwiftPackageReference "Alamofire" */,
				F60B56CD2CD6315D00EBFFFC /* XCRemoteSwiftPackageReference "realm-swift" */,
				F60B56D02CD6319C00EBFFFC /* XCRemoteSwiftPackageReference "swiftui-cached-async-image" */,
			);
			productRefGroup = F6D8A35728D7410300AA2919 /* Products */;
			projectDirPath = "";
			projectRoot = "";
			targets = (
				F6D8A35528D7410300AA2919 /* Rawr */,
			);
		};
/* End PBXProject section */

/* Begin PBXResourcesBuildPhase section */
		F6D8A35428D7410300AA2919 /* Resources */ = {
			isa = PBXResourcesBuildPhase;
			buildActionMask = 2147483647;
			files = (
				F6D8A36128D7410400AA2919 /* Preview Assets.xcassets in Resources */,
				F69BCE9828E52B400078D3CA /* Poppins-SemiBoldItalic.ttf in Resources */,
				F6A4661228F3B96900533C02 /* Launch Screen.storyboard in Resources */,
				F6A52BE828E3D7AE0057CF23 /* Poppins-SemiBold.ttf in Resources */,
				F6A52BE528E3D7AE0057CF23 /* Poppins-Medium.ttf in Resources */,
				F6A52BE628E3D7AE0057CF23 /* Poppins-Bold.ttf in Resources */,
				F6A52BE728E3D7AE0057CF23 /* Poppins-Regular.ttf in Resources */,
				F6D8A35E28D7410400AA2919 /* Assets.xcassets in Resources */,
			);
			runOnlyForDeploymentPostprocessing = 0;
		};
/* End PBXResourcesBuildPhase section */

/* Begin PBXShellScriptBuildPhase section */
		F6165DD92CB4A7F3009A3C8C /* ShellScript */ = {
			isa = PBXShellScriptBuildPhase;
			alwaysOutOfDate = 1;
			buildActionMask = 2147483647;
			files = (
			);
			inputFileListPaths = (
			);
			inputPaths = (
			);
			outputFileListPaths = (
			);
			outputPaths = (
			);
			runOnlyForDeploymentPostprocessing = 0;
			shellPath = /bin/sh;
			shellScript = "# Type a script or drag a script file from your workspace to insert its path.\n# Adds support for Apple Silicon brew directory\nexport PATH=\"$PATH:/opt/homebrew/bin\"\n\nif which swiftlint > /dev/null; then\n  swiftlint --fix\n  swiftlint\nelse\n  echo \"warning: SwiftLint not installed, download from https://github.com/realm/SwiftLint\"\nfi\n\n";
		};
/* End PBXShellScriptBuildPhase section */

/* Begin PBXSourcesBuildPhase section */
		F6D8A35228D7410300AA2919 /* Sources */ = {
			isa = PBXSourcesBuildPhase;
			buildActionMask = 2147483647;
			files = (
				F6AF052D28D95E9900EA148E /* CustomFont+Ext.swift in Sources */,
				F60B56C62CD62DFC00EBFFFC /* HomePresenter.swift in Sources */,
				F67821262CD7A69E0068ADCA /* FavoriteView.swift in Sources */,
				F6BF05F628EA8DA1007F34EA /* InformationDescription.swift in Sources */,
				F60B57092CD730D200EBFFFC /* GameDetailModel.swift in Sources */,
				F60B57132CD7353B00EBFFFC /* GameDetailMapper.swift in Sources */,
				F60B56E32CD63FB300EBFFFC /* HomeRouter.swift in Sources */,
				F67821392CD8530D0068ADCA /* SearchView.swift in Sources */,
				F60B56EB2CD6407F00EBFFFC /* DetailView.swift in Sources */,
				F67821282CD7A73D0068ADCA /* FavoriteInteractor.swift in Sources */,
				F60B56F42CD641F200EBFFFC /* GamesResponse.swift in Sources */,
				F67821452CD8D63B0068ADCA /* PaginationState.swift in Sources */,
				F60B56C92CD62E8D00EBFFFC /* Injection.swift in Sources */,
				F65BDEB628EA5EB000839DBC /* Tag.swift in Sources */,
				F67821352CD852740068ADCA /* SearchPresenter.swift in Sources */,
				F678212F2CD7B6050068ADCA /* ProfileView.swift in Sources */,
				F60B56FB2CD65F8900EBFFFC /* APICall.swift in Sources */,
				F60B56ED2CD6408D00EBFFFC /* HomeView.swift in Sources */,
				F60B57052CD6F64500EBFFFC /* CustomEmptyView.swift in Sources */,
				F6BF05FF28ECFA11007F34EA /* PlatformIcons.swift in Sources */,
				F60B57002CD6675700EBFFFC /* DetailInteractor.swift in Sources */,
				F60B56D42CD631D500EBFFFC /* GameRepository.swift in Sources */,
				F67821242CD7A6350068ADCA /* FavoriteRouter.swift in Sources */,
				F60B56DB2CD6348C00EBFFFC /* LocaleDataSource.swift in Sources */,
				F678211A2CD79E870068ADCA /* ScreenshotMapper.swift in Sources */,
				F60B57072CD6F6FD00EBFFFC /* GameRow.swift in Sources */,
				F67821182CD797880068ADCA /* ScreenshotEntity.swift in Sources */,
				F60B56F22CD6419700EBFFFC /* RemoteDataSource.swift in Sources */,
				F60B56FE2CD661FE00EBFFFC /* GameMapper.swift in Sources */,
				F60B570F2CD7346C00EBFFFC /* GameDetailResponse.swift in Sources */,
				F6D8A35C28D7410300AA2919 /* ContentView.swift in Sources */,
				F60B56F02CD640CF00EBFFFC /* HomeInteractor.swift in Sources */,
				F60B56E12CD63C6300EBFFFC /* GameEntity.swift in Sources */,
				F678213B2CD853B90068ADCA /* SearchUseCase.swift in Sources */,
				F6D8A35A28D7410300AA2919 /* RawrApp.swift in Sources */,
				F6D008B828E18602002CF8DC /* Color+Ext.swift in Sources */,
				F60B56E92CD6405E00EBFFFC /* DetailPresenter.swift in Sources */,
				F67821372CD852A20068ADCA /* SearchRouter.swift in Sources */,
				F69BCE9128E511100078D3CA /* Rating.swift in Sources */,
				F67821162CD797580068ADCA /* ScreenshotModel.swift in Sources */,
				F6ADFE0429176E9600787C35 /* ProfileEditView.swift in Sources */,
				F67821222CD7A5F30068ADCA /* FavoritePresenter.swift in Sources */,
				F60B570C2CD731D500EBFFFC /* GameDetailEntity.swift in Sources */,
				F60B56DF2CD6367F00EBFFFC /* CustomeError+Ext.swift in Sources */,
				F6E312C72CB3738B0099A896 /* ParallaxHeader.swift in Sources */,
				F6FDD32029147AA8004EE9CE /* UserModel.swift in Sources */,
				F67821142CD797190068ADCA /* ScreenshotResponse.swift in Sources */,
				F60B56D92CD6335200EBFFFC /* GameModel.swift in Sources */,
			);
			runOnlyForDeploymentPostprocessing = 0;
		};
/* End PBXSourcesBuildPhase section */

/* Begin XCBuildConfiguration section */
		F6D8A36228D7410400AA2919 /* Debug */ = {
			isa = XCBuildConfiguration;
			buildSettings = {
				ALWAYS_SEARCH_USER_PATHS = NO;
				ASSETCATALOG_COMPILER_GENERATE_SWIFT_ASSET_SYMBOL_EXTENSIONS = YES;
				CLANG_ANALYZER_NONNULL = YES;
				CLANG_ANALYZER_NUMBER_OBJECT_CONVERSION = YES_AGGRESSIVE;
				CLANG_CXX_LANGUAGE_STANDARD = "gnu++20";
				CLANG_ENABLE_MODULES = YES;
				CLANG_ENABLE_OBJC_ARC = YES;
				CLANG_ENABLE_OBJC_WEAK = YES;
				CLANG_WARN_BLOCK_CAPTURE_AUTORELEASING = YES;
				CLANG_WARN_BOOL_CONVERSION = YES;
				CLANG_WARN_COMMA = YES;
				CLANG_WARN_CONSTANT_CONVERSION = YES;
				CLANG_WARN_DEPRECATED_OBJC_IMPLEMENTATIONS = YES;
				CLANG_WARN_DIRECT_OBJC_ISA_USAGE = YES_ERROR;
				CLANG_WARN_DOCUMENTATION_COMMENTS = YES;
				CLANG_WARN_EMPTY_BODY = YES;
				CLANG_WARN_ENUM_CONVERSION = YES;
				CLANG_WARN_INFINITE_RECURSION = YES;
				CLANG_WARN_INT_CONVERSION = YES;
				CLANG_WARN_NON_LITERAL_NULL_CONVERSION = YES;
				CLANG_WARN_OBJC_IMPLICIT_RETAIN_SELF = YES;
				CLANG_WARN_OBJC_LITERAL_CONVERSION = YES;
				CLANG_WARN_OBJC_ROOT_CLASS = YES_ERROR;
				CLANG_WARN_QUOTED_INCLUDE_IN_FRAMEWORK_HEADER = YES;
				CLANG_WARN_RANGE_LOOP_ANALYSIS = YES;
				CLANG_WARN_STRICT_PROTOTYPES = YES;
				CLANG_WARN_SUSPICIOUS_MOVE = YES;
				CLANG_WARN_UNGUARDED_AVAILABILITY = YES_AGGRESSIVE;
				CLANG_WARN_UNREACHABLE_CODE = YES;
				CLANG_WARN__DUPLICATE_METHOD_MATCH = YES;
				COPY_PHASE_STRIP = NO;
				DEBUG_INFORMATION_FORMAT = dwarf;
				ENABLE_STRICT_OBJC_MSGSEND = YES;
				ENABLE_TESTABILITY = YES;
				ENABLE_USER_SCRIPT_SANDBOXING = YES;
				GCC_C_LANGUAGE_STANDARD = gnu11;
				GCC_DYNAMIC_NO_PIC = NO;
				GCC_NO_COMMON_BLOCKS = YES;
				GCC_OPTIMIZATION_LEVEL = 0;
				GCC_PREPROCESSOR_DEFINITIONS = (
					"DEBUG=1",
					"$(inherited)",
				);
				GCC_WARN_64_TO_32_BIT_CONVERSION = YES;
				GCC_WARN_ABOUT_RETURN_TYPE = YES_ERROR;
				GCC_WARN_UNDECLARED_SELECTOR = YES;
				GCC_WARN_UNINITIALIZED_AUTOS = YES_AGGRESSIVE;
				GCC_WARN_UNUSED_FUNCTION = YES;
				GCC_WARN_UNUSED_VARIABLE = YES;
				IPHONEOS_DEPLOYMENT_TARGET = 16.0;
				MTL_ENABLE_DEBUG_INFO = INCLUDE_SOURCE;
				MTL_FAST_MATH = YES;
				ONLY_ACTIVE_ARCH = YES;
				SDKROOT = iphoneos;
				SWIFT_ACTIVE_COMPILATION_CONDITIONS = DEBUG;
				SWIFT_OPTIMIZATION_LEVEL = "-Onone";
			};
			name = Debug;
		};
		F6D8A36328D7410400AA2919 /* Release */ = {
			isa = XCBuildConfiguration;
			buildSettings = {
				ALWAYS_SEARCH_USER_PATHS = NO;
				ASSETCATALOG_COMPILER_GENERATE_SWIFT_ASSET_SYMBOL_EXTENSIONS = YES;
				CLANG_ANALYZER_NONNULL = YES;
				CLANG_ANALYZER_NUMBER_OBJECT_CONVERSION = YES_AGGRESSIVE;
				CLANG_CXX_LANGUAGE_STANDARD = "gnu++20";
				CLANG_ENABLE_MODULES = YES;
				CLANG_ENABLE_OBJC_ARC = YES;
				CLANG_ENABLE_OBJC_WEAK = YES;
				CLANG_WARN_BLOCK_CAPTURE_AUTORELEASING = YES;
				CLANG_WARN_BOOL_CONVERSION = YES;
				CLANG_WARN_COMMA = YES;
				CLANG_WARN_CONSTANT_CONVERSION = YES;
				CLANG_WARN_DEPRECATED_OBJC_IMPLEMENTATIONS = YES;
				CLANG_WARN_DIRECT_OBJC_ISA_USAGE = YES_ERROR;
				CLANG_WARN_DOCUMENTATION_COMMENTS = YES;
				CLANG_WARN_EMPTY_BODY = YES;
				CLANG_WARN_ENUM_CONVERSION = YES;
				CLANG_WARN_INFINITE_RECURSION = YES;
				CLANG_WARN_INT_CONVERSION = YES;
				CLANG_WARN_NON_LITERAL_NULL_CONVERSION = YES;
				CLANG_WARN_OBJC_IMPLICIT_RETAIN_SELF = YES;
				CLANG_WARN_OBJC_LITERAL_CONVERSION = YES;
				CLANG_WARN_OBJC_ROOT_CLASS = YES_ERROR;
				CLANG_WARN_QUOTED_INCLUDE_IN_FRAMEWORK_HEADER = YES;
				CLANG_WARN_RANGE_LOOP_ANALYSIS = YES;
				CLANG_WARN_STRICT_PROTOTYPES = YES;
				CLANG_WARN_SUSPICIOUS_MOVE = YES;
				CLANG_WARN_UNGUARDED_AVAILABILITY = YES_AGGRESSIVE;
				CLANG_WARN_UNREACHABLE_CODE = YES;
				CLANG_WARN__DUPLICATE_METHOD_MATCH = YES;
				COPY_PHASE_STRIP = NO;
				DEBUG_INFORMATION_FORMAT = "dwarf-with-dsym";
				ENABLE_NS_ASSERTIONS = NO;
				ENABLE_STRICT_OBJC_MSGSEND = YES;
				ENABLE_USER_SCRIPT_SANDBOXING = YES;
				GCC_C_LANGUAGE_STANDARD = gnu11;
				GCC_NO_COMMON_BLOCKS = YES;
				GCC_WARN_64_TO_32_BIT_CONVERSION = YES;
				GCC_WARN_ABOUT_RETURN_TYPE = YES_ERROR;
				GCC_WARN_UNDECLARED_SELECTOR = YES;
				GCC_WARN_UNINITIALIZED_AUTOS = YES_AGGRESSIVE;
				GCC_WARN_UNUSED_FUNCTION = YES;
				GCC_WARN_UNUSED_VARIABLE = YES;
				IPHONEOS_DEPLOYMENT_TARGET = 16.0;
				MTL_ENABLE_DEBUG_INFO = NO;
				MTL_FAST_MATH = YES;
				SDKROOT = iphoneos;
				SWIFT_COMPILATION_MODE = wholemodule;
				SWIFT_OPTIMIZATION_LEVEL = "-O";
				VALIDATE_PRODUCT = YES;
			};
			name = Release;
		};
		F6D8A36528D7410400AA2919 /* Debug */ = {
			isa = XCBuildConfiguration;
			buildSettings = {
				ASSETCATALOG_COMPILER_APPICON_NAME = AppIcon;
				ASSETCATALOG_COMPILER_GLOBAL_ACCENT_COLOR_NAME = AccentColor;
				CODE_SIGN_STYLE = Automatic;
				CURRENT_PROJECT_VERSION = 1;
				DEVELOPMENT_ASSET_PATHS = "\"Rawr/Preview Content\"";
				DEVELOPMENT_TEAM = 4PTQMKG832;
				ENABLE_PREVIEWS = YES;
				ENABLE_USER_SCRIPT_SANDBOXING = NO;
				GENERATE_INFOPLIST_FILE = YES;
				INFOPLIST_FILE = Rawr/Info.plist;
				INFOPLIST_KEY_LSApplicationCategoryType = "";
				INFOPLIST_KEY_UIApplicationSceneManifest_Generation = YES;
				INFOPLIST_KEY_UIApplicationSupportsIndirectInputEvents = YES;
				INFOPLIST_KEY_UILaunchScreen_Generation = YES;
				INFOPLIST_KEY_UILaunchStoryboardName = "Launch Screen.storyboard";
				INFOPLIST_KEY_UISupportedInterfaceOrientations_iPad = "UIInterfaceOrientationPortrait UIInterfaceOrientationPortraitUpsideDown UIInterfaceOrientationLandscapeLeft UIInterfaceOrientationLandscapeRight";
				INFOPLIST_KEY_UISupportedInterfaceOrientations_iPhone = "UIInterfaceOrientationPortrait UIInterfaceOrientationLandscapeLeft UIInterfaceOrientationLandscapeRight";
				LD_RUNPATH_SEARCH_PATHS = (
					"$(inherited)",
					"@executable_path/Frameworks",
				);
				MARKETING_VERSION = 1.0;
				PRODUCT_BUNDLE_IDENTIFIER = com.dicoding.academy.Rawr;
				PRODUCT_NAME = "$(TARGET_NAME)";
				SWIFT_EMIT_LOC_STRINGS = YES;
				SWIFT_VERSION = 5.0;
				TARGETED_DEVICE_FAMILY = "1,2";
			};
			name = Debug;
		};
		F6D8A36628D7410400AA2919 /* Release */ = {
			isa = XCBuildConfiguration;
			buildSettings = {
				ASSETCATALOG_COMPILER_APPICON_NAME = AppIcon;
				ASSETCATALOG_COMPILER_GLOBAL_ACCENT_COLOR_NAME = AccentColor;
				CODE_SIGN_STYLE = Automatic;
				CURRENT_PROJECT_VERSION = 1;
				DEVELOPMENT_ASSET_PATHS = "\"Rawr/Preview Content\"";
				DEVELOPMENT_TEAM = 4PTQMKG832;
				ENABLE_PREVIEWS = YES;
				ENABLE_USER_SCRIPT_SANDBOXING = NO;
				GENERATE_INFOPLIST_FILE = YES;
				INFOPLIST_FILE = Rawr/Info.plist;
				INFOPLIST_KEY_LSApplicationCategoryType = "";
				INFOPLIST_KEY_UIApplicationSceneManifest_Generation = YES;
				INFOPLIST_KEY_UIApplicationSupportsIndirectInputEvents = YES;
				INFOPLIST_KEY_UILaunchScreen_Generation = YES;
				INFOPLIST_KEY_UILaunchStoryboardName = "Launch Screen.storyboard";
				INFOPLIST_KEY_UISupportedInterfaceOrientations_iPad = "UIInterfaceOrientationPortrait UIInterfaceOrientationPortraitUpsideDown UIInterfaceOrientationLandscapeLeft UIInterfaceOrientationLandscapeRight";
				INFOPLIST_KEY_UISupportedInterfaceOrientations_iPhone = "UIInterfaceOrientationPortrait UIInterfaceOrientationLandscapeLeft UIInterfaceOrientationLandscapeRight";
				LD_RUNPATH_SEARCH_PATHS = (
					"$(inherited)",
					"@executable_path/Frameworks",
				);
				MARKETING_VERSION = 1.0;
				PRODUCT_BUNDLE_IDENTIFIER = com.dicoding.academy.Rawr;
				PRODUCT_NAME = "$(TARGET_NAME)";
				SWIFT_EMIT_LOC_STRINGS = YES;
				SWIFT_VERSION = 5.0;
				TARGETED_DEVICE_FAMILY = "1,2";
			};
			name = Release;
		};
/* End XCBuildConfiguration section */

/* Begin XCConfigurationList section */
		F6D8A35128D7410200AA2919 /* Build configuration list for PBXProject "Rawr" */ = {
			isa = XCConfigurationList;
			buildConfigurations = (
				F6D8A36228D7410400AA2919 /* Debug */,
				F6D8A36328D7410400AA2919 /* Release */,
			);
			defaultConfigurationIsVisible = 0;
			defaultConfigurationName = Release;
		};
		F6D8A36428D7410400AA2919 /* Build configuration list for PBXNativeTarget "Rawr" */ = {
			isa = XCConfigurationList;
			buildConfigurations = (
				F6D8A36528D7410400AA2919 /* Debug */,
				F6D8A36628D7410400AA2919 /* Release */,
			);
			defaultConfigurationIsVisible = 0;
			defaultConfigurationName = Release;
		};
/* End XCConfigurationList section */

/* Begin XCRemoteSwiftPackageReference section */
		F60B56CA2CD630F600EBFFFC /* XCRemoteSwiftPackageReference "Alamofire" */ = {
			isa = XCRemoteSwiftPackageReference;
			repositoryURL = "https://github.com/Alamofire/Alamofire";
			requirement = {
				kind = upToNextMajorVersion;
				minimumVersion = 5.10.1;
			};
		};
		F60B56CD2CD6315D00EBFFFC /* XCRemoteSwiftPackageReference "realm-swift" */ = {
			isa = XCRemoteSwiftPackageReference;
			repositoryURL = "https://github.com/realm/realm-swift";
			requirement = {
				branch = master;
				kind = branch;
			};
		};
		F60B56D02CD6319C00EBFFFC /* XCRemoteSwiftPackageReference "swiftui-cached-async-image" */ = {
			isa = XCRemoteSwiftPackageReference;
			repositoryURL = "https://github.com/lorenzofiamingo/swiftui-cached-async-image";
			requirement = {
				kind = upToNextMajorVersion;
				minimumVersion = 2.1.1;
			};
		};
/* End XCRemoteSwiftPackageReference section */

/* Begin XCSwiftPackageProductDependency section */
		F60B56CB2CD630F600EBFFFC /* Alamofire */ = {
			isa = XCSwiftPackageProductDependency;
			package = F60B56CA2CD630F600EBFFFC /* XCRemoteSwiftPackageReference "Alamofire" */;
			productName = Alamofire;
		};
		F60B56CE2CD6315D00EBFFFC /* RealmSwift */ = {
			isa = XCSwiftPackageProductDependency;
			package = F60B56CD2CD6315D00EBFFFC /* XCRemoteSwiftPackageReference "realm-swift" */;
			productName = RealmSwift;
		};
		F60B56D12CD6319C00EBFFFC /* CachedAsyncImage */ = {
			isa = XCSwiftPackageProductDependency;
			package = F60B56D02CD6319C00EBFFFC /* XCRemoteSwiftPackageReference "swiftui-cached-async-image" */;
			productName = CachedAsyncImage;
		};
/* End XCSwiftPackageProductDependency section */
	};
	rootObject = F6D8A34E28D7410200AA2919 /* Project object */;
}
